{
  "name": "maisb-shield",
  "version": "1.0.0",
  "lockfileVersion": 3,
  "requires": true,
  "packages": {
    "": {
      "name": "maisb-shield",
      "version": "1.0.0",
      "license": "MIT",
      "dependencies": {
        "maisb-shield": "^1.0.0"
      }
    },
    "node_modules/maisb-shield": {
      "version": "1.0.0",
      "resolved": "https://registry.npmjs.org/maisb-shield/-/maisb-shield-1.0.0.tgz",
      "integrity": "sha512-3pb73kwavMVF5XC23r/0buXp7D2z6hM8YLtYkNo/diCQEUGV0pZRcglf0oXfWyMMKJSjaAfItimMQW0v0kuvfA==",
      "license": "MIT"
    }
  }
}
